
Microsoft Visual Studio Solution File, Format Version 12.00
# Visual Studio Version 17
VisualStudioVersion = 17.9.34723.18
MinimumVisualStudioVersion = 10.0.40219.1
Project("{FAE04EC0-301F-11D3-BF4B-00C04F79EFBC}") = "Trainbookingsystem", "Trainbookingsystem\Trainbookingsystem.csproj", "{B4B46DD9-DD9E-4F76-8E89-554F68A9091E}"
EndProject
Global
	GlobalSection(SolutionConfigurationPlatforms) = preSolution
		Debug|Any CPU = Debug|Any CPU
		Release|Any CPU = Release|Any CPU
	EndGlobalSection
	GlobalSection(ProjectConfigurationPlatforms) = postSolution
		{B4B46DD9-DD9E-4F76-8E89-554F68A9091E}.Debug|Any CPU.ActiveCfg = Debug|Any CPU
		{B4B46DD9-DD9E-4F76-8E89-554F68A9091E}.Debug|Any CPU.Build.0 = Debug|Any CPU
		{B4B46DD9-DD9E-4F76-8E89-554F68A9091E}.Release|Any CPU.ActiveCfg = Release|Any CPU
		{B4B46DD9-DD9E-4F76-8E89-554F68A9091E}.Release|Any CPU.Build.0 = Release|Any CPU
	EndGlobalSection
	GlobalSection(SolutionProperties) = preSolution
		HideSolutionNode = FALSE
	EndGlobalSection
	GlobalSection(ExtensibilityGlobals) = postSolution
		SolutionGuid = {942A35C0-8BF2-4D30-9B37-5BC0F89837A8}
	EndGlobalSection
EndGlobal
